
Microsoft Visual Studio Solution File, Format Version 12.00
# Visual Studio Version 16
VisualStudioVersion = 16.0.30011.22
MinimumVisualStudioVersion = 10.0.40219.1
Project("{8BC9CEB8-8B4A-11D0-8D11-00A0C91BC942}") = "cfoldengine", "cfoldengine\cfoldengine.vcxproj", "{9D8A0FA8-C49A-4BC0-B794-E2CBAFA50775}"
EndProject
Project("{8BC9CEB8-8B4A-11D0-8D11-00A0C91BC942}") = "lattice", "lattice\lattice.vcxproj", "{B978BAD9-2931-451C-90FB-CAF655E2C9BB}"
EndProject
Project("{8BC9CEB8-8B4A-11D0-8D11-00A0C91BC942}") = "test", "test\test.vcxproj", "{55E187E0-47AA-46A7-96CE-A10D684265BE}"
EndProject
Global
	GlobalSection(SolutionConfigurationPlatforms) = preSolution
		Debug|x64 = Debug|x64
		Debug|x86 = Debug|x86
		Release|x64 = Release|x64
		Release|x86 = Release|x86
	EndGlobalSection
	GlobalSection(ProjectConfigurationPlatforms) = postSolution
		{9D8A0FA8-C49A-4BC0-B794-E2CBAFA50775}.Debug|x64.ActiveCfg = Debug|x64
		{9D8A0FA8-C49A-4BC0-B794-E2CBAFA50775}.Debug|x64.Build.0 = Debug|x64
		{9D8A0FA8-C49A-4BC0-B794-E2CBAFA50775}.Debug|x86.ActiveCfg = Debug|Win32
		{9D8A0FA8-C49A-4BC0-B794-E2CBAFA50775}.Debug|x86.Build.0 = Debug|Win32
		{9D8A0FA8-C49A-4BC0-B794-E2CBAFA50775}.Release|x64.ActiveCfg = Release|x64
		{9D8A0FA8-C49A-4BC0-B794-E2CBAFA50775}.Release|x64.Build.0 = Release|x64
		{9D8A0FA8-C49A-4BC0-B794-E2CBAFA50775}.Release|x86.ActiveCfg = Release|Win32
		{9D8A0FA8-C49A-4BC0-B794-E2CBAFA50775}.Release|x86.Build.0 = Release|Win32
		{B978BAD9-2931-451C-90FB-CAF655E2C9BB}.Debug|x64.ActiveCfg = Debug|x64
		{B978BAD9-2931-451C-90FB-CAF655E2C9BB}.Debug|x64.Build.0 = Debug|x64
		{B978BAD9-2931-451C-90FB-CAF655E2C9BB}.Debug|x86.ActiveCfg = Debug|Win32
		{B978BAD9-2931-451C-90FB-CAF655E2C9BB}.Debug|x86.Build.0 = Debug|Win32
		{B978BAD9-2931-451C-90FB-CAF655E2C9BB}.Release|x64.ActiveCfg = Release|x64
		{B978BAD9-2931-451C-90FB-CAF655E2C9BB}.Release|x64.Build.0 = Release|x64
		{B978BAD9-2931-451C-90FB-CAF655E2C9BB}.Release|x86.ActiveCfg = Release|Win32
		{B978BAD9-2931-451C-90FB-CAF655E2C9BB}.Release|x86.Build.0 = Release|Win32
		{55E187E0-47AA-46A7-96CE-A10D684265BE}.Debug|x64.ActiveCfg = Debug|x64
		{55E187E0-47AA-46A7-96CE-A10D684265BE}.Debug|x64.Build.0 = Debug|x64
		{55E187E0-47AA-46A7-96CE-A10D684265BE}.Debug|x86.ActiveCfg = Debug|Win32
		{55E187E0-47AA-46A7-96CE-A10D684265BE}.Debug|x86.Build.0 = Debug|Win32
		{55E187E0-47AA-46A7-96CE-A10D684265BE}.Release|x64.ActiveCfg = Release|x64
		{55E187E0-47AA-46A7-96CE-A10D684265BE}.Release|x64.Build.0 = Release|x64
		{55E187E0-47AA-46A7-96CE-A10D684265BE}.Release|x86.ActiveCfg = Release|Win32
		{55E187E0-47AA-46A7-96CE-A10D684265BE}.Release|x86.Build.0 = Release|Win32
	EndGlobalSection
	GlobalSection(SolutionProperties) = preSolution
		HideSolutionNode = FALSE
	EndGlobalSection
	GlobalSection(ExtensibilityGlobals) = postSolution
		SolutionGuid = {5123433B-A9DC-4501-BB6B-7C711BE9BD70}
	EndGlobalSection
EndGlobal
